
Microsoft Visual Studio Solution File, Format Version 12.00
# Visual Studio 15
VisualStudioVersion = 15.0.27130.2027
MinimumVisualStudioVersion = 10.0.40219.1
Project("{FAE04EC0-301F-11D3-BF4B-00C04F79EFBC}") = "Data Mining Over Cancer Data V2", "Data Mining Over Cancer Data V2\Data Mining Over Cancer Data V2.csproj", "{0CB2518D-39BE-4E6D-8663-6F092ACC7DC7}"
EndProject
Global
	GlobalSection(SolutionConfigurationPlatforms) = preSolution
		Debug|Any CPU = Debug|Any CPU
		Release|Any CPU = Release|Any CPU
	EndGlobalSection
	GlobalSection(ProjectConfigurationPlatforms) = postSolution
		{0CB2518D-39BE-4E6D-8663-6F092ACC7DC7}.Debug|Any CPU.ActiveCfg = Debug|Any CPU
		{0CB2518D-39BE-4E6D-8663-6F092ACC7DC7}.Debug|Any CPU.Build.0 = Debug|Any CPU
		{0CB2518D-39BE-4E6D-8663-6F092ACC7DC7}.Release|Any CPU.ActiveCfg = Release|Any CPU
		{0CB2518D-39BE-4E6D-8663-6F092ACC7DC7}.Release|Any CPU.Build.0 = Release|Any CPU
	EndGlobalSection
	GlobalSection(SolutionProperties) = preSolution
		HideSolutionNode = FALSE
	EndGlobalSection
	GlobalSection(ExtensibilityGlobals) = postSolution
		SolutionGuid = {89E2FB4D-7C50-484F-8474-93FB8ACEDAB2}
		VisualSVNWorkingCopyRoot = .
	EndGlobalSection
EndGlobal
